
Microsoft Visual Studio Solution File, Format Version 12.00
# Visual Studio 2013
VisualStudioVersion = 12.0.40629.0
MinimumVisualStudioVersion = 10.0.40219.1
Project("{FAE04EC0-301F-11D3-BF4B-00C04F79EFBC}") = "SimpleVC2Model", "SimpleVC2Model\SimpleVC2Model.csproj", "{2F152BFF-D62A-4AAF-A8E6-646775FAE146}"
EndProject
Project("{FAE04EC0-301F-11D3-BF4B-00C04F79EFBC}") = "SimpleVC2Dac", "SimpleVC2Dac\SimpleVC2Dac.csproj", "{D72B9937-A600-4FBF-A6B6-621BCC8B6FA3}"
EndProject
Project("{FAE04EC0-301F-11D3-BF4B-00C04F79EFBC}") = "SimpleVC2BizLogic", "SimpleVC2BizLogic\SimpleVC2BizLogic.csproj", "{EF9977F8-348A-45CE-8CD2-54910CEA93DE}"
EndProject
Project("{FAE04EC0-301F-11D3-BF4B-00C04F79EFBC}") = "SimpleVC2App", "SimpleVC2App\SimpleVC2App.csproj", "{8C66F21E-B11C-43F4-B74C-EBD0C9255C8A}"
EndProject
Project("{FAE04EC0-301F-11D3-BF4B-00C04F79EFBC}") = "SimpleVC2Export", "SimpleVC2Export\SimpleVC2Export.csproj", "{4AEDEA6B-16D8-4263-8694-4AD6D15E4587}"
EndProject
Project("{54435603-DBB4-11D2-8724-00A0C9A8B90C}") = "SimpleVC2Setup", "SimpleVC2Setup\SimpleVC2Setup.vdproj", "{0373BFFF-DED6-4412-B6C6-76D11A5D5B74}"
EndProject
Global
	GlobalSection(SolutionConfigurationPlatforms) = preSolution
		Debug|Any CPU = Debug|Any CPU
		Debug|Mixed Platforms = Debug|Mixed Platforms
		Debug|x86 = Debug|x86
		Release|Any CPU = Release|Any CPU
		Release|Mixed Platforms = Release|Mixed Platforms
		Release|x86 = Release|x86
	EndGlobalSection
	GlobalSection(ProjectConfigurationPlatforms) = postSolution
		{2F152BFF-D62A-4AAF-A8E6-646775FAE146}.Debug|Any CPU.ActiveCfg = Debug|Any CPU
		{2F152BFF-D62A-4AAF-A8E6-646775FAE146}.Debug|Any CPU.Build.0 = Debug|Any CPU
		{2F152BFF-D62A-4AAF-A8E6-646775FAE146}.Debug|Mixed Platforms.ActiveCfg = Debug|Any CPU
		{2F152BFF-D62A-4AAF-A8E6-646775FAE146}.Debug|Mixed Platforms.Build.0 = Debug|Any CPU
		{2F152BFF-D62A-4AAF-A8E6-646775FAE146}.Debug|x86.ActiveCfg = Debug|Any CPU
		{2F152BFF-D62A-4AAF-A8E6-646775FAE146}.Debug|x86.Build.0 = Debug|Any CPU
		{2F152BFF-D62A-4AAF-A8E6-646775FAE146}.Release|Any CPU.ActiveCfg = Release|Any CPU
		{2F152BFF-D62A-4AAF-A8E6-646775FAE146}.Release|Any CPU.Build.0 = Release|Any CPU
		{2F152BFF-D62A-4AAF-A8E6-646775FAE146}.Release|Mixed Platforms.ActiveCfg = Release|Any CPU
		{2F152BFF-D62A-4AAF-A8E6-646775FAE146}.Release|Mixed Platforms.Build.0 = Release|Any CPU
		{2F152BFF-D62A-4AAF-A8E6-646775FAE146}.Release|x86.ActiveCfg = Release|Any CPU
		{D72B9937-A600-4FBF-A6B6-621BCC8B6FA3}.Debug|Any CPU.ActiveCfg = Debug|Any CPU
		{D72B9937-A600-4FBF-A6B6-621BCC8B6FA3}.Debug|Any CPU.Build.0 = Debug|Any CPU
		{D72B9937-A600-4FBF-A6B6-621BCC8B6FA3}.Debug|Mixed Platforms.ActiveCfg = Debug|Any CPU
		{D72B9937-A600-4FBF-A6B6-621BCC8B6FA3}.Debug|Mixed Platforms.Build.0 = Debug|Any CPU
		{D72B9937-A600-4FBF-A6B6-621BCC8B6FA3}.Debug|x86.ActiveCfg = Debug|Any CPU
		{D72B9937-A600-4FBF-A6B6-621BCC8B6FA3}.Debug|x86.Build.0 = Debug|Any CPU
		{D72B9937-A600-4FBF-A6B6-621BCC8B6FA3}.Release|Any CPU.ActiveCfg = Release|Any CPU
		{D72B9937-A600-4FBF-A6B6-621BCC8B6FA3}.Release|Any CPU.Build.0 = Release|Any CPU
		{D72B9937-A600-4FBF-A6B6-621BCC8B6FA3}.Release|Mixed Platforms.ActiveCfg = Release|Any CPU
		{D72B9937-A600-4FBF-A6B6-621BCC8B6FA3}.Release|Mixed Platforms.Build.0 = Release|Any CPU
		{D72B9937-A600-4FBF-A6B6-621BCC8B6FA3}.Release|x86.ActiveCfg = Release|Any CPU
		{EF9977F8-348A-45CE-8CD2-54910CEA93DE}.Debug|Any CPU.ActiveCfg = Debug|Any CPU
		{EF9977F8-348A-45CE-8CD2-54910CEA93DE}.Debug|Any CPU.Build.0 = Debug|Any CPU
		{EF9977F8-348A-45CE-8CD2-54910CEA93DE}.Debug|Mixed Platforms.ActiveCfg = Debug|Any CPU
		{EF9977F8-348A-45CE-8CD2-54910CEA93DE}.Debug|Mixed Platforms.Build.0 = Debug|Any CPU
		{EF9977F8-348A-45CE-8CD2-54910CEA93DE}.Debug|x86.ActiveCfg = Debug|Any CPU
		{EF9977F8-348A-45CE-8CD2-54910CEA93DE}.Debug|x86.Build.0 = Debug|Any CPU
		{EF9977F8-348A-45CE-8CD2-54910CEA93DE}.Release|Any CPU.ActiveCfg = Release|Any CPU
		{EF9977F8-348A-45CE-8CD2-54910CEA93DE}.Release|Any CPU.Build.0 = Release|Any CPU
		{EF9977F8-348A-45CE-8CD2-54910CEA93DE}.Release|Mixed Platforms.ActiveCfg = Release|Any CPU
		{EF9977F8-348A-45CE-8CD2-54910CEA93DE}.Release|Mixed Platforms.Build.0 = Release|Any CPU
		{EF9977F8-348A-45CE-8CD2-54910CEA93DE}.Release|x86.ActiveCfg = Release|Any CPU
		{8C66F21E-B11C-43F4-B74C-EBD0C9255C8A}.Debug|Any CPU.ActiveCfg = Debug|Any CPU
		{8C66F21E-B11C-43F4-B74C-EBD0C9255C8A}.Debug|Any CPU.Build.0 = Debug|Any CPU
		{8C66F21E-B11C-43F4-B74C-EBD0C9255C8A}.Debug|Mixed Platforms.ActiveCfg = Debug|Any CPU
		{8C66F21E-B11C-43F4-B74C-EBD0C9255C8A}.Debug|Mixed Platforms.Build.0 = Debug|Any CPU
		{8C66F21E-B11C-43F4-B74C-EBD0C9255C8A}.Debug|x86.ActiveCfg = Debug|Any CPU
		{8C66F21E-B11C-43F4-B74C-EBD0C9255C8A}.Debug|x86.Build.0 = Debug|Any CPU
		{8C66F21E-B11C-43F4-B74C-EBD0C9255C8A}.Release|Any CPU.ActiveCfg = Release|Any CPU
		{8C66F21E-B11C-43F4-B74C-EBD0C9255C8A}.Release|Any CPU.Build.0 = Release|Any CPU
		{8C66F21E-B11C-43F4-B74C-EBD0C9255C8A}.Release|Mixed Platforms.ActiveCfg = Release|Any CPU
		{8C66F21E-B11C-43F4-B74C-EBD0C9255C8A}.Release|Mixed Platforms.Build.0 = Release|Any CPU
		{8C66F21E-B11C-43F4-B74C-EBD0C9255C8A}.Release|x86.ActiveCfg = Release|Any CPU
		{4AEDEA6B-16D8-4263-8694-4AD6D15E4587}.Debug|Any CPU.ActiveCfg = Debug|Any CPU
		{4AEDEA6B-16D8-4263-8694-4AD6D15E4587}.Debug|Any CPU.Build.0 = Debug|Any CPU
		{4AEDEA6B-16D8-4263-8694-4AD6D15E4587}.Debug|Mixed Platforms.ActiveCfg = Debug|Any CPU
		{4AEDEA6B-16D8-4263-8694-4AD6D15E4587}.Debug|Mixed Platforms.Build.0 = Debug|Any CPU
		{4AEDEA6B-16D8-4263-8694-4AD6D15E4587}.Debug|x86.ActiveCfg = Debug|Any CPU
		{4AEDEA6B-16D8-4263-8694-4AD6D15E4587}.Debug|x86.Build.0 = Debug|Any CPU
		{4AEDEA6B-16D8-4263-8694-4AD6D15E4587}.Release|Any CPU.ActiveCfg = Release|Any CPU
		{4AEDEA6B-16D8-4263-8694-4AD6D15E4587}.Release|Any CPU.Build.0 = Release|Any CPU
		{4AEDEA6B-16D8-4263-8694-4AD6D15E4587}.Release|Mixed Platforms.ActiveCfg = Release|Any CPU
		{4AEDEA6B-16D8-4263-8694-4AD6D15E4587}.Release|Mixed Platforms.Build.0 = Release|Any CPU
		{4AEDEA6B-16D8-4263-8694-4AD6D15E4587}.Release|x86.ActiveCfg = Release|Any CPU
		{0373BFFF-DED6-4412-B6C6-76D11A5D5B74}.Debug|Any CPU.ActiveCfg = Debug
		{0373BFFF-DED6-4412-B6C6-76D11A5D5B74}.Debug|Any CPU.Build.0 = Debug
		{0373BFFF-DED6-4412-B6C6-76D11A5D5B74}.Debug|Mixed Platforms.ActiveCfg = Debug
		{0373BFFF-DED6-4412-B6C6-76D11A5D5B74}.Debug|x86.ActiveCfg = Debug
		{0373BFFF-DED6-4412-B6C6-76D11A5D5B74}.Release|Any CPU.ActiveCfg = Release
		{0373BFFF-DED6-4412-B6C6-76D11A5D5B74}.Release|Any CPU.Build.0 = Release
		{0373BFFF-DED6-4412-B6C6-76D11A5D5B74}.Release|Mixed Platforms.ActiveCfg = Release
		{0373BFFF-DED6-4412-B6C6-76D11A5D5B74}.Release|Mixed Platforms.Build.0 = Release
		{0373BFFF-DED6-4412-B6C6-76D11A5D5B74}.Release|x86.ActiveCfg = Release
		{0373BFFF-DED6-4412-B6C6-76D11A5D5B74}.Release|x86.Build.0 = Release
	EndGlobalSection
	GlobalSection(SolutionProperties) = preSolution
		HideSolutionNode = FALSE
	EndGlobalSection
EndGlobal
